dependencies:
- name: postgresql
  repository: https://charts.bitnami.com/bitnami
  version: 12.1.2
- name: redis
  repository: https://charts.bitnami.com/bitnami
  version: 17.3.2
digest: sha256:03876ccbf3722e4df9edbb35a2b1af3d155448e77b9bbb59c27808011ad0af3d
generated: "2025-02-01T18:46:28.414801204+05:45"
